// !$*UTF8*$!
{
	archiveVersion = 1;
	classes = {
	};
	objectVersion = 50;
	objects = {

/* Begin PBXBuildFile section */
		67E9C0092728DD1B0018B68C /* TSP2.cpp in Sources */ = {isa = PBXBuildFile; fileRef = 67E9C0082728DD1B0018B68C /* TSP2.cpp */; };
/* End PBXBuildFile section */

/* Begin PBXCopyFilesBuildPhase section */
		678F180D26A00144002AAE97 /* CopyFiles */ = {
			isa = PBXCopyFilesBuildPhase;
			buildActionMask = 2147483647;
			dstPath = /usr/share/man/man1/;
			dstSubfolderSpec = 0;
			files = (
			);
			runOnlyForDeploymentPostprocessing = 1;
		};
/* End PBXCopyFilesBuildPhase section */

/* Begin PBXFileReference section */
		6732C98C270AFD3F003F1DCA /* NUMB3RS.cpp */ = {isa = PBXFileReference; lastKnownFileType = sourcecode.cpp.cpp; path = NUMB3RS.cpp; sourceTree = "<group>"; };
		6732C98E270B35EC003F1DCA /* PACKING.cpp */ = {isa = PBXFileReference; lastKnownFileType = sourcecode.cpp.cpp; path = PACKING.cpp; sourceTree = "<group>"; };
		673403CE26F0464D0024D6E8 /* wildcard.cpp */ = {isa = PBXFileReference; lastKnownFileType = sourcecode.cpp.cpp; path = wildcard.cpp; sourceTree = "<group>"; };
		673403D026F0E8750024D6E8 /* wildcard_dp.cpp */ = {isa = PBXFileReference; lastKnownFileType = sourcecode.cpp.cpp; path = wildcard_dp.cpp; sourceTree = "<group>"; };
		673403D226F1FA930024D6E8 /* LIS.cpp */ = {isa = PBXFileReference; lastKnownFileType = sourcecode.cpp.cpp; path = LIS.cpp; sourceTree = "<group>"; };
		676BE15E26A92D8500D1E711 /* quad_Tree.cpp */ = {isa = PBXFileReference; lastKnownFileType = sourcecode.cpp.cpp; path = quad_Tree.cpp; sourceTree = "<group>"; };
		677D944126E6279100805867 /* fanmeeting.cpp */ = {isa = PBXFileReference; lastKnownFileType = sourcecode.cpp.cpp; path = fanmeeting.cpp; sourceTree = "<group>"; };
		6789940626B1B1AF00181665 /* fence.cpp */ = {isa = PBXFileReference; lastKnownFileType = sourcecode.cpp.cpp; path = fence.cpp; sourceTree = "<group>"; };
		678F180F26A00144002AAE97 /* AALGGO */ = {isa = PBXFileReference; explicitFileType = "compiled.mach-o.executable"; includeInIndex = 0; path = AALGGO; sourceTree = BUILT_PRODUCTS_DIR; };
		678F181226A00144002AAE97 /* main.cpp */ = {isa = PBXFileReference; lastKnownFileType = sourcecode.cpp.cpp; path = main.cpp; sourceTree = "<group>"; };
		678F181926A0041C002AAE97 /* sopung.cpp */ = {isa = PBXFileReference; lastKnownFileType = sourcecode.cpp.cpp; path = sopung.cpp; sourceTree = "<group>"; };
		678F182026A0324F002AAE97 /* BOARDCOVER.cpp */ = {isa = PBXFileReference; lastKnownFileType = sourcecode.cpp.cpp; path = BOARDCOVER.cpp; sourceTree = "<group>"; };
		678F182426A08686002AAE97 /* temp_board.cpp */ = {isa = PBXFileReference; lastKnownFileType = sourcecode.cpp.cpp; path = temp_board.cpp; sourceTree = "<group>"; };
		6791ADDB26F9A50F00488569 /* PI.cpp */ = {isa = PBXFileReference; lastKnownFileType = sourcecode.cpp.cpp; path = PI.cpp; sourceTree = "<group>"; };
		67968E5127027AF9005BD468 /* TILING2.cpp */ = {isa = PBXFileReference; lastKnownFileType = sourcecode.cpp.cpp; path = TILING2.cpp; sourceTree = "<group>"; };
		67968E5327028979005BD468 /* TRIPATHCNT.cpp */ = {isa = PBXFileReference; lastKnownFileType = sourcecode.cpp.cpp; path = TRIPATHCNT.cpp; sourceTree = "<group>"; };
		67968E5527029BBC005BD468 /* SNAIL.cpp */ = {isa = PBXFileReference; lastKnownFileType = sourcecode.cpp.cpp; path = SNAIL.cpp; sourceTree = "<group>"; };
		67968E572702A15B005BD468 /* ASYMTILING.cpp */ = {isa = PBXFileReference; lastKnownFileType = sourcecode.cpp.cpp; path = ASYMTILING.cpp; sourceTree = "<group>"; };
		67968E5D270312F4005BD468 /* POLY.cpp */ = {isa = PBXFileReference; lastKnownFileType = sourcecode.cpp.cpp; path = POLY.cpp; sourceTree = "<group>"; };
		679F564926FC8750005E632C /* QUANTIZE.cpp */ = {isa = PBXFileReference; lastKnownFileType = sourcecode.cpp.cpp; path = QUANTIZE.cpp; sourceTree = "<group>"; };
		67AFDB3C2711B5FC000129B1 /* OCR.cpp */ = {isa = PBXFileReference; lastKnownFileType = sourcecode.cpp.cpp; path = OCR.cpp; sourceTree = "<group>"; };
		67AFDB412712A01F000129B1 /* KLIS.cpp */ = {isa = PBXFileReference; lastKnownFileType = sourcecode.cpp.cpp; path = KLIS.cpp; sourceTree = "<group>"; };
		67AFDB432714543B000129B1 /* DRAGON.cpp */ = {isa = PBXFileReference; lastKnownFileType = sourcecode.cpp.cpp; path = DRAGON.cpp; sourceTree = "<group>"; };
		67AFDB4527146490000129B1 /* ZIMBABWE.cpp */ = {isa = PBXFileReference; lastKnownFileType = sourcecode.cpp.cpp; path = ZIMBABWE.cpp; sourceTree = "<group>"; };
		67AFDB4727147AAB000129B1 /* RESTORE.cpp */ = {isa = PBXFileReference; lastKnownFileType = sourcecode.cpp.cpp; path = RESTORE.cpp; sourceTree = "<group>"; };
		67AFDB4A27156E73000129B1 /* TICTACTOE.cpp */ = {isa = PBXFileReference; lastKnownFileType = sourcecode.cpp.cpp; path = TICTACTOE.cpp; sourceTree = "<group>"; };
		67AFDB4C2715BCE7000129B1 /* NUMBERGAME.cpp */ = {isa = PBXFileReference; lastKnownFileType = sourcecode.cpp.cpp; path = NUMBERGAME.cpp; sourceTree = "<group>"; };
		67AFDB4E27166548000129B1 /* BLOCKGAME.cpp */ = {isa = PBXFileReference; lastKnownFileType = sourcecode.cpp.cpp; path = BLOCKGAME.cpp; sourceTree = "<group>"; };
		67B067762716A4EA004808BB /* SUSHI.cpp */ = {isa = PBXFileReference; lastKnownFileType = sourcecode.cpp.cpp; path = SUSHI.cpp; sourceTree = "<group>"; };
		67B067782717E5F5004808BB /* GENIUS.cpp */ = {isa = PBXFileReference; lastKnownFileType = sourcecode.cpp.cpp; path = GENIUS.cpp; sourceTree = "<group>"; };
		67B0677B27185100004808BB /* 10830.cpp */ = {isa = PBXFileReference; lastKnownFileType = sourcecode.cpp.cpp; path = 10830.cpp; sourceTree = "<group>"; };
		67B0677F271D062E004808BB /* MATCHORDER.cpp */ = {isa = PBXFileReference; lastKnownFileType = sourcecode.cpp.cpp; path = MATCHORDER.cpp; sourceTree = "<group>"; };
		67B848BF271E4B2300F19E3C /* LUNCHBOX.cpp */ = {isa = PBXFileReference; lastKnownFileType = sourcecode.cpp.cpp; path = LUNCHBOX.cpp; sourceTree = "<group>"; };
		67B848C1271E983300F19E3C /* STRJOIN.cpp */ = {isa = PBXFileReference; lastKnownFileType = sourcecode.cpp.cpp; path = STRJOIN.cpp; sourceTree = "<group>"; };
		67C60F5F26A1468F00AD0077 /* clocksync.cpp */ = {isa = PBXFileReference; lastKnownFileType = sourcecode.cpp.cpp; path = clocksync.cpp; sourceTree = "<group>"; };
		67D082F426F981BC00B710C9 /* JLIS.cpp */ = {isa = PBXFileReference; lastKnownFileType = sourcecode.cpp.cpp; path = JLIS.cpp; sourceTree = "<group>"; };
		67E9C0082728DD1B0018B68C /* TSP2.cpp */ = {isa = PBXFileReference; lastKnownFileType = sourcecode.cpp.cpp; path = TSP2.cpp; sourceTree = "<group>"; };
		67FF4E622722DFD3001F2E83 /* unordered_set.cpp */ = {isa = PBXFileReference; lastKnownFileType = sourcecode.cpp.cpp; path = unordered_set.cpp; sourceTree = "<group>"; };
		67FF4E642722F5E7001F2E83 /* MINASTIRITH.cpp */ = {isa = PBXFileReference; lastKnownFileType = sourcecode.cpp.cpp; path = MINASTIRITH.cpp; sourceTree = "<group>"; };
		67FF4E67272787EC001F2E83 /* TSP3.cpp */ = {isa = PBXFileReference; lastKnownFileType = sourcecode.cpp.cpp; path = TSP3.cpp; sourceTree = "<group>"; };
		67FF4E6C27283884001F2E83 /* tsp1.cpp */ = {isa = PBXFileReference; lastKnownFileType = sourcecode.cpp.cpp; path = tsp1.cpp; sourceTree = "<group>"; };
/* End PBXFileReference section */

/* Begin PBXFrameworksBuildPhase section */
		678F180C26A00144002AAE97 /* Frameworks */ = {
			isa = PBXFrameworksBuildPhase;
			buildActionMask = 2147483647;
			files = (
			);
			runOnlyForDeploymentPostprocessing = 0;
		};
/* End PBXFrameworksBuildPhase section */

/* Begin PBXGroup section */
		673403CC26F045490024D6E8 /* DP */ = {
			isa = PBXGroup;
			children = (
				673403CE26F0464D0024D6E8 /* wildcard.cpp */,
				673403D026F0E8750024D6E8 /* wildcard_dp.cpp */,
				673403D226F1FA930024D6E8 /* LIS.cpp */,
				67D082F426F981BC00B710C9 /* JLIS.cpp */,
				6791ADDB26F9A50F00488569 /* PI.cpp */,
				679F564926FC8750005E632C /* QUANTIZE.cpp */,
				67968E5127027AF9005BD468 /* TILING2.cpp */,
				67968E5327028979005BD468 /* TRIPATHCNT.cpp */,
				67968E5527029BBC005BD468 /* SNAIL.cpp */,
				67968E572702A15B005BD468 /* ASYMTILING.cpp */,
				67968E5D270312F4005BD468 /* POLY.cpp */,
				6732C98C270AFD3F003F1DCA /* NUMB3RS.cpp */,
				6732C98E270B35EC003F1DCA /* PACKING.cpp */,
				67AFDB3C2711B5FC000129B1 /* OCR.cpp */,
				67AFDB412712A01F000129B1 /* KLIS.cpp */,
				67AFDB432714543B000129B1 /* DRAGON.cpp */,
				67AFDB4527146490000129B1 /* ZIMBABWE.cpp */,
				67AFDB4727147AAB000129B1 /* RESTORE.cpp */,
				67AFDB4A27156E73000129B1 /* TICTACTOE.cpp */,
				67AFDB4C2715BCE7000129B1 /* NUMBERGAME.cpp */,
				67AFDB4E27166548000129B1 /* BLOCKGAME.cpp */,
				67B067762716A4EA004808BB /* SUSHI.cpp */,
				67B067782717E5F5004808BB /* GENIUS.cpp */,
				67E9C0082728DD1B0018B68C /* TSP2.cpp */,
			);
			path = DP;
			sourceTree = "<group>";
		};
		673403CD26F0456C0024D6E8 /* input */ = {
			isa = PBXGroup;
			children = (
			);
			path = input;
			sourceTree = "<group>";
		};
		676BE15D26A92D5700D1E711 /* DivideAndConquer */ = {
			isa = PBXGroup;
			children = (
				676BE15E26A92D8500D1E711 /* quad_Tree.cpp */,
				6789940626B1B1AF00181665 /* fence.cpp */,
				677D944126E6279100805867 /* fanmeeting.cpp */,
			);
			path = DivideAndConquer;
			sourceTree = "<group>";
		};
		678F180626A00144002AAE97 = {
			isa = PBXGroup;
			children = (
				67FF4E612722DFB4001F2E83 /* Container */,
				67B0677A27185074004808BB /* baekjoon */,
				678F181126A00144002AAE97 /* AALGGO */,
				678F181026A00144002AAE97 /* Products */,
			);
			sourceTree = "<group>";
		};
		678F181026A00144002AAE97 /* Products */ = {
			isa = PBXGroup;
			children = (
				678F180F26A00144002AAE97 /* AALGGO */,
			);
			name = Products;
			sourceTree = "<group>";
		};
		678F181126A00144002AAE97 /* AALGGO */ = {
			isa = PBXGroup;
			children = (
				67FF4E662727873D001F2E83 /* Combinatorial search */,
				67B0677E271BB239004808BB /* Greedy */,
				673403CD26F0456C0024D6E8 /* input */,
				673403CC26F045490024D6E8 /* DP */,
				676BE15D26A92D5700D1E711 /* DivideAndConquer */,
				67C60F5C26A145FC00AD0077 /* brute */,
				678F181226A00144002AAE97 /* main.cpp */,
			);
			path = AALGGO;
			sourceTree = "<group>";
		};
		67B0677A27185074004808BB /* baekjoon */ = {
			isa = PBXGroup;
			children = (
				67B0677B27185100004808BB /* 10830.cpp */,
			);
			path = baekjoon;
			sourceTree = "<group>";
		};
		67B0677E271BB239004808BB /* Greedy */ = {
			isa = PBXGroup;
			children = (
				67B0677F271D062E004808BB /* MATCHORDER.cpp */,
				67B848BF271E4B2300F19E3C /* LUNCHBOX.cpp */,
				67B848C1271E983300F19E3C /* STRJOIN.cpp */,
				67FF4E642722F5E7001F2E83 /* MINASTIRITH.cpp */,
			);
			path = Greedy;
			sourceTree = "<group>";
		};
		67C60F5C26A145FC00AD0077 /* brute */ = {
			isa = PBXGroup;
			children = (
				678F181926A0041C002AAE97 /* sopung.cpp */,
				678F182026A0324F002AAE97 /* BOARDCOVER.cpp */,
				678F182426A08686002AAE97 /* temp_board.cpp */,
				67C60F5F26A1468F00AD0077 /* clocksync.cpp */,
				67FF4E6C27283884001F2E83 /* tsp1.cpp */,
			);
			path = brute;
			sourceTree = "<group>";
		};
		67FF4E612722DFB4001F2E83 /* Container */ = {
			isa = PBXGroup;
			children = (
				67FF4E622722DFD3001F2E83 /* unordered_set.cpp */,
			);
			path = Container;
			sourceTree = "<group>";
		};
		67FF4E662727873D001F2E83 /* Combinatorial search */ = {
			isa = PBXGroup;
			children = (
				67FF4E67272787EC001F2E83 /* TSP3.cpp */,
			);
			path = "Combinatorial search";
			sourceTree = "<group>";
		};
/* End PBXGroup section */

/* Begin PBXNativeTarget section */
		678F180E26A00144002AAE97 /* AALGGO */ = {
			isa = PBXNativeTarget;
			buildConfigurationList = 678F181626A00144002AAE97 /* Build configuration list for PBXNativeTarget "AALGGO" */;
			buildPhases = (
				678F180B26A00144002AAE97 /* Sources */,
				678F180C26A00144002AAE97 /* Frameworks */,
				678F180D26A00144002AAE97 /* CopyFiles */,
			);
			buildRules = (
			);
			dependencies = (
			);
			name = AALGGO;
			productName = AALGGO;
			productReference = 678F180F26A00144002AAE97 /* AALGGO */;
			productType = "com.apple.product-type.tool";
		};
/* End PBXNativeTarget section */

/* Begin PBXProject section */
		678F180726A00144002AAE97 /* Project object */ = {
			isa = PBXProject;
			attributes = {
				LastUpgradeCheck = 1300;
				TargetAttributes = {
					678F180E26A00144002AAE97 = {
						CreatedOnToolsVersion = 12.5.1;
					};
				};
			};
			buildConfigurationList = 678F180A26A00144002AAE97 /* Build configuration list for PBXProject "AALGGO" */;
			compatibilityVersion = "Xcode 9.3";
			developmentRegion = en;
			hasScannedForEncodings = 0;
			knownRegions = (
				en,
				Base,
			);
			mainGroup = 678F180626A00144002AAE97;
			productRefGroup = 678F181026A00144002AAE97 /* Products */;
			projectDirPath = "";
			projectRoot = "";
			targets = (
				678F180E26A00144002AAE97 /* AALGGO */,
			);
		};
/* End PBXProject section */

/* Begin PBXSourcesBuildPhase section */
		678F180B26A00144002AAE97 /* Sources */ = {
			isa = PBXSourcesBuildPhase;
			buildActionMask = 2147483647;
			files = (
				67E9C0092728DD1B0018B68C /* TSP2.cpp in Sources */,
			);
			runOnlyForDeploymentPostprocessing = 0;
		};
/* End PBXSourcesBuildPhase section */

/* Begin XCBuildConfiguration section */
		678F181426A00144002AAE97 /* Debug */ = {
			isa = XCBuildConfiguration;
			buildSettings = {
				ALWAYS_SEARCH_USER_PATHS = NO;
				CLANG_ANALYZER_NONNULL = YES;
				CLANG_ANALYZER_NUMBER_OBJECT_CONVERSION = YES_AGGRESSIVE;
				CLANG_CXX_LANGUAGE_STANDARD = "gnu++14";
				CLANG_CXX_LIBRARY = "libc++";
				CLANG_ENABLE_MODULES = YES;
				CLANG_ENABLE_OBJC_ARC = YES;
				CLANG_ENABLE_OBJC_WEAK = YES;
				CLANG_WARN_BLOCK_CAPTURE_AUTORELEASING = YES;
				CLANG_WARN_BOOL_CONVERSION = YES;
				CLANG_WARN_COMMA = YES;
				CLANG_WARN_CONSTANT_CONVERSION = YES;
				CLANG_WARN_DEPRECATED_OBJC_IMPLEMENTATIONS = YES;
				CLANG_WARN_DIRECT_OBJC_ISA_USAGE = YES_ERROR;
				CLANG_WARN_DOCUMENTATION_COMMENTS = YES;
				CLANG_WARN_EMPTY_BODY = YES;
				CLANG_WARN_ENUM_CONVERSION = YES;
				CLANG_WARN_INFINITE_RECURSION = YES;
				CLANG_WARN_INT_CONVERSION = YES;
				CLANG_WARN_NON_LITERAL_NULL_CONVERSION = YES;
				CLANG_WARN_OBJC_IMPLICIT_RETAIN_SELF = YES;
				CLANG_WARN_OBJC_LITERAL_CONVERSION = YES;
				CLANG_WARN_OBJC_ROOT_CLASS = YES_ERROR;
				CLANG_WARN_QUOTED_INCLUDE_IN_FRAMEWORK_HEADER = YES;
				CLANG_WARN_RANGE_LOOP_ANALYSIS = YES;
				CLANG_WARN_STRICT_PROTOTYPES = YES;
				CLANG_WARN_SUSPICIOUS_MOVE = YES;
				CLANG_WARN_UNGUARDED_AVAILABILITY = YES_AGGRESSIVE;
				CLANG_WARN_UNREACHABLE_CODE = YES;
				CLANG_WARN__DUPLICATE_METHOD_MATCH = YES;
				COPY_PHASE_STRIP = NO;
				DEBUG_INFORMATION_FORMAT = dwarf;
				ENABLE_STRICT_OBJC_MSGSEND = YES;
				ENABLE_TESTABILITY = YES;
				GCC_C_LANGUAGE_STANDARD = gnu11;
				GCC_DYNAMIC_NO_PIC = NO;
				GCC_NO_COMMON_BLOCKS = YES;
				GCC_OPTIMIZATION_LEVEL = 0;
				GCC_PREPROCESSOR_DEFINITIONS = (
					"DEBUG=1",
					"$(inherited)",
				);
				GCC_WARN_64_TO_32_BIT_CONVERSION = YES;
				GCC_WARN_ABOUT_RETURN_TYPE = YES_ERROR;
				GCC_WARN_UNDECLARED_SELECTOR = YES;
				GCC_WARN_UNINITIALIZED_AUTOS = YES_AGGRESSIVE;
				GCC_WARN_UNUSED_FUNCTION = YES;
				GCC_WARN_UNUSED_VARIABLE = YES;
				MACOSX_DEPLOYMENT_TARGET = 11.3;
				MTL_ENABLE_DEBUG_INFO = INCLUDE_SOURCE;
				MTL_FAST_MATH = YES;
				ONLY_ACTIVE_ARCH = YES;
				SDKROOT = macosx;
			};
			name = Debug;
		};
		678F181526A00144002AAE97 /* Release */ = {
			isa = XCBuildConfiguration;
			buildSettings = {
				ALWAYS_SEARCH_USER_PATHS = NO;
				CLANG_ANALYZER_NONNULL = YES;
				CLANG_ANALYZER_NUMBER_OBJECT_CONVERSION = YES_AGGRESSIVE;
				CLANG_CXX_LANGUAGE_STANDARD = "gnu++14";
				CLANG_CXX_LIBRARY = "libc++";
				CLANG_ENABLE_MODULES = YES;
				CLANG_ENABLE_OBJC_ARC = YES;
				CLANG_ENABLE_OBJC_WEAK = YES;
				CLANG_WARN_BLOCK_CAPTURE_AUTORELEASING = YES;
				CLANG_WARN_BOOL_CONVERSION = YES;
				CLANG_WARN_COMMA = YES;
				CLANG_WARN_CONSTANT_CONVERSION = YES;
				CLANG_WARN_DEPRECATED_OBJC_IMPLEMENTATIONS = YES;
				CLANG_WARN_DIRECT_OBJC_ISA_USAGE = YES_ERROR;
				CLANG_WARN_DOCUMENTATION_COMMENTS = YES;
				CLANG_WARN_EMPTY_BODY = YES;
				CLANG_WARN_ENUM_CONVERSION = YES;
				CLANG_WARN_INFINITE_RECURSION = YES;
				CLANG_WARN_INT_CONVERSION = YES;
				CLANG_WARN_NON_LITERAL_NULL_CONVERSION = YES;
				CLANG_WARN_OBJC_IMPLICIT_RETAIN_SELF = YES;
				CLANG_WARN_OBJC_LITERAL_CONVERSION = YES;
				CLANG_WARN_OBJC_ROOT_CLASS = YES_ERROR;
				CLANG_WARN_QUOTED_INCLUDE_IN_FRAMEWORK_HEADER = YES;
				CLANG_WARN_RANGE_LOOP_ANALYSIS = YES;
				CLANG_WARN_STRICT_PROTOTYPES = YES;
				CLANG_WARN_SUSPICIOUS_MOVE = YES;
				CLANG_WARN_UNGUARDED_AVAILABILITY = YES_AGGRESSIVE;
				CLANG_WARN_UNREACHABLE_CODE = YES;
				CLANG_WARN__DUPLICATE_METHOD_MATCH = YES;
				COPY_PHASE_STRIP = NO;
				DEBUG_INFORMATION_FORMAT = "dwarf-with-dsym";
				ENABLE_NS_ASSERTIONS = NO;
				ENABLE_STRICT_OBJC_MSGSEND = YES;
				GCC_C_LANGUAGE_STANDARD = gnu11;
				GCC_NO_COMMON_BLOCKS = YES;
				GCC_WARN_64_TO_32_BIT_CONVERSION = YES;
				GCC_WARN_ABOUT_RETURN_TYPE = YES_ERROR;
				GCC_WARN_UNDECLARED_SELECTOR = YES;
				GCC_WARN_UNINITIALIZED_AUTOS = YES_AGGRESSIVE;
				GCC_WARN_UNUSED_FUNCTION = YES;
				GCC_WARN_UNUSED_VARIABLE = YES;
				MACOSX_DEPLOYMENT_TARGET = 11.3;
				MTL_ENABLE_DEBUG_INFO = NO;
				MTL_FAST_MATH = YES;
				SDKROOT = macosx;
			};
			name = Release;
		};
		678F181726A00144002AAE97 /* Debug */ = {
			isa = XCBuildConfiguration;
			buildSettings = {
				CODE_SIGN_IDENTITY = "-";
				CODE_SIGN_STYLE = Automatic;
				PRODUCT_NAME = "$(TARGET_NAME)";
			};
			name = Debug;
		};
		678F181826A00144002AAE97 /* Release */ = {
			isa = XCBuildConfiguration;
			buildSettings = {
				CODE_SIGN_IDENTITY = "-";
				CODE_SIGN_STYLE = Automatic;
				PRODUCT_NAME = "$(TARGET_NAME)";
			};
			name = Release;
		};
/* End XCBuildConfiguration section */

/* Begin XCConfigurationList section */
		678F180A26A00144002AAE97 /* Build configuration list for PBXProject "AALGGO" */ = {
			isa = XCConfigurationList;
			buildConfigurations = (
				678F181426A00144002AAE97 /* Debug */,
				678F181526A00144002AAE97 /* Release */,
			);
			defaultConfigurationIsVisible = 0;
			defaultConfigurationName = Release;
		};
		678F181626A00144002AAE97 /* Build configuration list for PBXNativeTarget "AALGGO" */ = {
			isa = XCConfigurationList;
			buildConfigurations = (
				678F181726A00144002AAE97 /* Debug */,
				678F181826A00144002AAE97 /* Release */,
			);
			defaultConfigurationIsVisible = 0;
			defaultConfigurationName = Release;
		};
/* End XCConfigurationList section */
	};
	rootObject = 678F180726A00144002AAE97 /* Project object */;
}
